# This file is autogenerated, do not edit; changes may be undone by the next 'dep ensure'.


[[projects]]
  digest = "1:b39cf81d5f440b9c0757a25058432d33af867e5201109bf53621356d9dab4b73"
  name = "github.com/apache/thrift"
  packages = ["lib/go/thrift"]
  pruneopts = "UT"
  revision = "384647d290e2e4a55a14b1b7ef1b7e66293a2c33"
  version = "v0.12.0"

[[projects]]
  digest = "1:010ac780f94633dc91ef721a395c5768ace4456b4833dea5ad7c026802ff143e"
  name = "github.com/apple/foundationdb"
  packages = [
    "bindings/go/src/fdb",
    "bindings/go/src/fdb/tuple",
  ]
  pruneopts = "UT"
  revision = "a6c09645bf9ec2f2c5a00839bcf17a37cec87fdb"
  version = "6.1.9"

[[projects]]
  digest = "1:d6afaeed1502aa28e80a4ed0981d570ad91b2579193404256ce672ed0a609e0d"
  name = "github.com/beorn7/perks"
  packages = ["quantile"]
  pruneopts = "UT"
  revision = "4b2b341e8d7715fae06375aa633dbb6e91b3fb46"
  version = "v1.0.0"

[[projects]]
  digest = "1:998cf998358a303ac2430c386ba3fd3398477d6013153d3c6e11432765cc9ae6"
  name = "github.com/cespare/xxhash"
  packages = ["."]
  pruneopts = "UT"
  revision = "3b82fb7d186719faeedd0c2864f868c74fbf79a1"
  version = "v2.0.0"

[[projects]]
  digest = "1:ffe9824d294da03b391f44e1ae8281281b4afc1bdaa9588c9097785e3af10cec"
  name = "github.com/davecgh/go-spew"
  packages = ["spew"]
  pruneopts = "UT"
  revision = "8991bc29aa16c548c550c7ff78260e27b9ab7c73"
  version = "v1.1.1"

[[projects]]
  digest = "1:48092bf6632f55839850666c33469f546f6d45fdbd59a66759ec12e84d853dc2"
  name = "github.com/gogo/protobuf"
  packages = ["proto"]
  pruneopts = "UT"
  revision = "ba06b47c162d49f2af050fb4c75bcbc86a159d5c"
  version = "v1.2.1"

[[projects]]
  digest = "1:be408f349cae090a7c17a279633d6e62b00068e64af66a582cae0983de8890ea"
  name = "github.com/golang/mock"
  packages = ["gomock"]
  pruneopts = "UT"
  revision = "9fa652df1129bef0e734c9cf9bf6dbae9ef3b9fa"
  version = "1.3.1"

[[projects]]
  digest = "1:7033673f364203b103c09f683c83ec2881d3cd22740ccf21e73dd90145a4a3ec"
  name = "github.com/golang/protobuf"
  packages = [
    "jsonpb",
    "proto",
    "protoc-gen-go/descriptor",
    "protoc-gen-go/plugin",
    "ptypes/any",
    "ptypes/duration",
    "ptypes/empty",
    "ptypes/struct",
    "ptypes/timestamp",
    "ptypes/wrappers",
  ]
  pruneopts = "UT"
  revision = "b5d812f8a3706043e23a9cd5babf2e5423744d30"
  version = "v1.3.1"

[[projects]]
  digest = "1:73bea52c5e1bbd7d80166e9255183b6fd41cbae463f98a2bd32b7f58f7438975"
  name = "github.com/jhump/protoreflect"
  packages = [
    "desc",
    "desc/internal",
    "desc/protoparse",
    "dynamic",
    "internal",
  ]
  pruneopts = "UT"
  revision = "92269e4a44a442365a8824f1e184b8ddbca3ec7a"
  version = "v1.4.1"

[[projects]]
  digest = "1:f7b7cc4601639f90815fb2fe02b2775278a83b468d7dbbd800d861405de40d74"
  name = "github.com/m3db/m3"
  packages = [
    "src/cluster/client",
    "src/cluster/generated/proto/metadatapb",
    "src/cluster/generated/proto/placementpb",
    "src/cluster/kv",
    "src/cluster/kv/util/runtime",
    "src/cluster/placement",
    "src/cluster/placement/algo",
    "src/cluster/placement/selector",
    "src/cluster/placement/service",
    "src/cluster/placement/storage",
    "src/cluster/services",
    "src/cluster/services/leader/campaign",
    "src/cluster/shard",
    "src/dbnode/encoding",
    "src/dbnode/encoding/m3tsz",
    "src/dbnode/generated/proto/namespace",
    "src/dbnode/namespace",
    "src/dbnode/retention",
    "src/dbnode/ts",
    "src/dbnode/x/xio",
    "src/dbnode/x/xpool",
    "src/metrics/metric/id",
    "src/x/checked",
    "src/x/clock",
    "src/x/close",
    "src/x/context",
    "src/x/errors",
    "src/x/ident",
    "src/x/instrument",
    "src/x/opentracing",
    "src/x/pool",
    "src/x/process",
    "src/x/resource",
    "src/x/serialize",
    "src/x/time",
    "src/x/watch",
  ]
  pruneopts = "UT"
  revision = "c9820911fadc15f64c3af2ee8a07a8cb429d5374"
  version = "v0.9.6"

[[projects]]
  digest = "1:b8c7482d3a298ea2a4fc2cec50d04770180f2e5799170578c40500ae01f103e0"
  name = "github.com/m3db/prometheus_client_golang"
  packages = [
    "prometheus",
    "prometheus/promhttp",
  ]
  pruneopts = "UT"
  revision = "8ae269d24972b8695572fa6b2e3718b5ea82d6b4"
  version = "v0.8.1"

[[projects]]
  digest = "1:9cf4ac6c9a81579807b1cd6a394f22795aacaf25bd2ad4b8b7dd3f829aa206c9"
  name = "github.com/m3db/prometheus_client_model"
  packages = ["go"]
  pruneopts = "UT"
  revision = "d3fff8420252ef63bffb96f689d1a85096c97321"
  version = "v0.1.0"

[[projects]]
  digest = "1:a4021f830c7bb25416a7acd0521e80aa7b05586ac9ef03c4ca58c016146ed12f"
  name = "github.com/m3db/prometheus_common"
  packages = [
    "expfmt",
    "internal/bitbucket.org/ww/goautoneg",
    "model",
  ]
  pruneopts = "UT"
  revision = "d550673fc477123acb69017380567e8fafc765fc"
  version = "v0.1.0"

[[projects]]
  digest = "1:195a65e93248ff74ff5959b2c9d8a19f47b6506284a7c826692b1352e9ad9f92"
  name = "github.com/m3db/prometheus_procfs"
  packages = ["."]
  pruneopts = "UT"
  revision = "1878d9fbb537119d24b21ca07effd591627cd160"
  version = "v0.8.1"

[[projects]]
  digest = "1:ff5ebae34cfbf047d505ee150de27e60570e8c394b3b8fdbb720ff6ac71985fc"
  name = "github.com/matttproud/golang_protobuf_extensions"
  packages = ["pbutil"]
  pruneopts = "UT"
  revision = "c12348ce28de40eed0136aa2b644d0ee0650e56c"
  version = "v1.0.1"

[[projects]]
  digest = "1:11e62d6050198055e6cd87ed57e5d8c669e84f839c16e16f192374d913d1a70d"
  name = "github.com/opentracing/opentracing-go"
  packages = [
    ".",
    "ext",
    "log",
  ]
  pruneopts = "UT"
  revision = "659c90643e714681897ec2521c60567dd21da733"
  version = "v1.1.0"

[[projects]]
  digest = "1:cf31692c14422fa27c83a05292eb5cbe0fb2775972e8f1f8446a71549bd8980b"
  name = "github.com/pkg/errors"
  packages = ["."]
  pruneopts = "UT"
  revision = "ba968bfe8b2f7e042a574c888954fccecfa385b4"
  version = "v0.8.1"

[[projects]]
  digest = "1:0028cb19b2e4c3112225cd871870f2d9cf49b9b4276531f03438a88e94be86fe"
  name = "github.com/pmezard/go-difflib"
  packages = ["difflib"]
  pruneopts = "UT"
  revision = "792786c7400a136282c1664665ae0a8db921c6c2"
  version = "v1.0.0"

[[projects]]
  digest = "1:5da8ce674952566deae4dbc23d07c85caafc6cfa815b0b3e03e41979cedb8750"
  name = "github.com/stretchr/testify"
  packages = [
    "assert",
    "require",
  ]
  pruneopts = "UT"
  revision = "ffdc059bfe9ce6a4e144ba849dbedead332c6053"
  version = "v1.3.0"

[[projects]]
  digest = "1:5604990ce6c053672bf1c4666c867c65e53ec9bbe51327e7471f73974258bcf0"
  name = "github.com/uber-go/tally"
  packages = [
    ".",
    "m3",
    "m3/customtransports",
    "m3/thrift",
    "m3/thriftudp",
    "multi",
    "prometheus",
  ]
  pruneopts = "UT"
  revision = "24c699f78afd17db5aac42f83c1c5cad70254294"
  version = "v3.3.10"

[[projects]]
  digest = "1:57e707ba5fcbab4913a1c81e640ebb9f05f6327dcf88ab3b0e16dba3b8bb31fb"
  name = "github.com/uber/jaeger-client-go"
  packages = [
    ".",
    "config",
    "internal/baggage",
    "internal/baggage/remote",
    "internal/spanlog",
    "internal/throttler",
    "internal/throttler/remote",
    "log",
    "log/zap",
    "rpcmetrics",
    "thrift",
    "thrift-gen/agent",
    "thrift-gen/baggage",
    "thrift-gen/jaeger",
    "thrift-gen/sampling",
    "thrift-gen/zipkincore",
    "transport",
    "utils",
  ]
  pruneopts = "UT"
  revision = "2f47546e3facd43297739439600bcf43f44cce5d"
  version = "v2.16.0"

[[projects]]
  digest = "1:034f3a72349013b835bc829136f88204a2c0115df4b8d4b94b6ed4f0e1f4a9db"
  name = "github.com/uber/jaeger-lib"
  packages = [
    "metrics",
    "metrics/tally",
  ]
  pruneopts = "UT"
  revision = "0e30338a695636fe5bcf7301e8030ce8dd2a8530"
  version = "v2.0.0"

[[projects]]
  digest = "1:a5158647b553c61877aa9ae74f4015000294e47981e6b8b07525edcbb0747c81"
  name = "go.uber.org/atomic"
  packages = ["."]
  pruneopts = "UT"
  revision = "df976f2515e274675050de7b3f42545de80594fd"
  version = "v1.4.0"

[[projects]]
  digest = "1:60bf2a5e347af463c42ed31a493d817f8a72f102543060ed992754e689805d1a"
  name = "go.uber.org/multierr"
  packages = ["."]
  pruneopts = "UT"
  revision = "3c4937480c32f4c13a875a1829af76c98ca3d40a"
  version = "v1.1.0"

[[projects]]
  digest = "1:676160e6a4722b08e0e26b11521d575c2cb2b6f0c679e1ee6178c5d8dee51e5e"
  name = "go.uber.org/zap"
  packages = [
    ".",
    "buffer",
    "internal/bufferpool",
    "internal/color",
    "internal/exit",
    "zapcore",
  ]
  pruneopts = "UT"
  revision = "27376062155ad36be76b0f12cf1572a221d3a48c"
  version = "v1.10.0"

[[projects]]
  branch = "master"
  digest = "1:9f915ece988ec60eb54677e0dcc77fd53a7f42a496d984c351416ffcfd16b8f7"
  name = "google.golang.org/genproto"
  packages = [
    "protobuf/api",
    "protobuf/field_mask",
    "protobuf/ptype",
    "protobuf/source_context",
  ]
  pruneopts = "UT"
  revision = "eb0b1bdb6ae60fcfc41b8d907b50dfb346112301"

[solve-meta]
  analyzer-name = "dep"
  analyzer-version = 1
  input-imports = [
    "github.com/apple/foundationdb/bindings/go/src/fdb",
    "github.com/apple/foundationdb/bindings/go/src/fdb/tuple",
    "github.com/m3db/m3/src/dbnode/encoding",
    "github.com/m3db/m3/src/dbnode/encoding/m3tsz",
    "github.com/m3db/m3/src/x/time",
    "github.com/stretchr/testify/require",
  ]
  solver-name = "gps-cdcl"
  solver-version = 1
